
Microsoft Visual Studio Solution File, Format Version 12.00
# Visual Studio 2012
Project("{FAE04EC0-301F-11D3-BF4B-00C04F79EFBC}") = "ExMark", "ExMark\ExMark.csproj", "{9ECBFC4C-3DD4-4640-8C96-B9747694533B}"
EndProject
Project("{FAE04EC0-301F-11D3-BF4B-00C04F79EFBC}") = "DAL", "DAL\DAL.csproj", "{22B24296-916E-49D9-AF44-A37E528A8AA8}"
EndProject
Global
	GlobalSection(TeamFoundationVersionControl) = preSolution
		SccNumberOfProjects = 3
		SccEnterpriseProvider = {4CA58AB2-18FA-4F8D-95D4-32DDF27D184C}
		SccTeamFoundationServer = https://xcode.tfspreview.com/defaultcollection
		SccLocalPath0 = .
		SccProjectUniqueName1 = ExMark\\ExMark.csproj
		SccProjectName1 = ExMark
		SccLocalPath1 = ExMark
		SccProjectUniqueName2 = DAL\\DAL.csproj
		SccProjectName2 = DAL
		SccLocalPath2 = DAL
	EndGlobalSection
	GlobalSection(SolutionConfigurationPlatforms) = preSolution
		Debug|Any CPU = Debug|Any CPU
		Release|Any CPU = Release|Any CPU
	EndGlobalSection
	GlobalSection(ProjectConfigurationPlatforms) = postSolution
		{9ECBFC4C-3DD4-4640-8C96-B9747694533B}.Debug|Any CPU.ActiveCfg = Debug|Any CPU
		{9ECBFC4C-3DD4-4640-8C96-B9747694533B}.Debug|Any CPU.Build.0 = Debug|Any CPU
		{9ECBFC4C-3DD4-4640-8C96-B9747694533B}.Release|Any CPU.ActiveCfg = Release|Any CPU
		{9ECBFC4C-3DD4-4640-8C96-B9747694533B}.Release|Any CPU.Build.0 = Release|Any CPU
		{22B24296-916E-49D9-AF44-A37E528A8AA8}.Debug|Any CPU.ActiveCfg = Debug|Any CPU
		{22B24296-916E-49D9-AF44-A37E528A8AA8}.Debug|Any CPU.Build.0 = Debug|Any CPU
		{22B24296-916E-49D9-AF44-A37E528A8AA8}.Release|Any CPU.ActiveCfg = Release|Any CPU
		{22B24296-916E-49D9-AF44-A37E528A8AA8}.Release|Any CPU.Build.0 = Release|Any CPU
	EndGlobalSection
	GlobalSection(SolutionProperties) = preSolution
		HideSolutionNode = FALSE
	EndGlobalSection
EndGlobal
